// !$*UTF8*$!
{
	archiveVersion = 1;
	classes = {
	};
	objectVersion = 56;
	objects = {

/* Begin PBXBuildFile section */
		2EB094952A34D45F00A0241C /* Apple_ParkApp.swift in Sources */ = {isa = PBXBuildFile; fileRef = 2EB094942A34D45F00A0241C /* Apple_ParkApp.swift */; };
		2EB094992A34D46000A0241C /* Assets.xcassets in Resources */ = {isa = PBXBuildFile; fileRef = 2EB094982A34D46000A0241C /* Assets.xcassets */; };
		2EB0949C2A34D46000A0241C /* Preview Assets.xcassets in Resources */ = {isa = PBXBuildFile; fileRef = 2EB0949B2A34D46000A0241C /* Preview Assets.xcassets */; };
		2EB0949E2A34D46000A0241C /* SavedLocationSDModel.swift in Sources */ = {isa = PBXBuildFile; fileRef = 2EB0949D2A34D46000A0241C /* SavedLocationSDModel.swift */; };
		2EB094A62A34D4EE00A0241C /* LocationDataService.swift in Sources */ = {isa = PBXBuildFile; fileRef = 2EB094A52A34D4EE00A0241C /* LocationDataService.swift */; };
		2EB094A92A34D52C00A0241C /* Location.swift in Sources */ = {isa = PBXBuildFile; fileRef = 2EB094A82A34D52C00A0241C /* Location.swift */; };
		2EB094AC2A34D54A00A0241C /* LocationViewModel.swift in Sources */ = {isa = PBXBuildFile; fileRef = 2EB094AB2A34D54A00A0241C /* LocationViewModel.swift */; };
		2EB094AF2A34D69100A0241C /* LocationDetailView.swift in Sources */ = {isa = PBXBuildFile; fileRef = 2EB094AE2A34D69100A0241C /* LocationDetailView.swift */; };
		2EB094B12A34D69F00A0241C /* LocationMapAnnotationView.swift in Sources */ = {isa = PBXBuildFile; fileRef = 2EB094B02A34D69F00A0241C /* LocationMapAnnotationView.swift */; };
		2EB094B32A34D6BB00A0241C /* LocationPreviewView.swift in Sources */ = {isa = PBXBuildFile; fileRef = 2EB094B22A34D6BB00A0241C /* LocationPreviewView.swift */; };
		2EB094B52A34D6CB00A0241C /* LocationsListView.swift in Sources */ = {isa = PBXBuildFile; fileRef = 2EB094B42A34D6CB00A0241C /* LocationsListView.swift */; };
		2EB094B72A34D6ED00A0241C /* LocationsView.swift in Sources */ = {isa = PBXBuildFile; fileRef = 2EB094B62A34D6ED00A0241C /* LocationsView.swift */; };
/* End PBXBuildFile section */

/* Begin PBXFileReference section */
		2EB094912A34D45F00A0241C /* Apple Park.app */ = {isa = PBXFileReference; explicitFileType = wrapper.application; includeInIndex = 0; path = "Apple Park.app"; sourceTree = BUILT_PRODUCTS_DIR; };
		2EB094942A34D45F00A0241C /* Apple_ParkApp.swift */ = {isa = PBXFileReference; lastKnownFileType = sourcecode.swift; path = Apple_ParkApp.swift; sourceTree = "<group>"; };
		2EB094982A34D46000A0241C /* Assets.xcassets */ = {isa = PBXFileReference; lastKnownFileType = folder.assetcatalog; path = Assets.xcassets; sourceTree = "<group>"; };
		2EB0949B2A34D46000A0241C /* Preview Assets.xcassets */ = {isa = PBXFileReference; lastKnownFileType = folder.assetcatalog; path = "Preview Assets.xcassets"; sourceTree = "<group>"; };
		2EB0949D2A34D46000A0241C /* SavedLocationSDModel.swift */ = {isa = PBXFileReference; lastKnownFileType = sourcecode.swift; path = SavedLocationSDModel.swift; sourceTree = "<group>"; };
		2EB094A52A34D4EE00A0241C /* LocationDataService.swift */ = {isa = PBXFileReference; lastKnownFileType = sourcecode.swift; path = LocationDataService.swift; sourceTree = "<group>"; };
		2EB094A82A34D52C00A0241C /* Location.swift */ = {isa = PBXFileReference; lastKnownFileType = sourcecode.swift; path = Location.swift; sourceTree = "<group>"; };
		2EB094AB2A34D54A00A0241C /* LocationViewModel.swift */ = {isa = PBXFileReference; lastKnownFileType = sourcecode.swift; path = LocationViewModel.swift; sourceTree = "<group>"; };
		2EB094AE2A34D69100A0241C /* LocationDetailView.swift */ = {isa = PBXFileReference; lastKnownFileType = sourcecode.swift; path = LocationDetailView.swift; sourceTree = "<group>"; };
		2EB094B02A34D69F00A0241C /* LocationMapAnnotationView.swift */ = {isa = PBXFileReference; lastKnownFileType = sourcecode.swift; path = LocationMapAnnotationView.swift; sourceTree = "<group>"; };
		2EB094B22A34D6BB00A0241C /* LocationPreviewView.swift */ = {isa = PBXFileReference; lastKnownFileType = sourcecode.swift; path = LocationPreviewView.swift; sourceTree = "<group>"; };
		2EB094B42A34D6CB00A0241C /* LocationsListView.swift */ = {isa = PBXFileReference; lastKnownFileType = sourcecode.swift; path = LocationsListView.swift; sourceTree = "<group>"; };
		2EB094B62A34D6ED00A0241C /* LocationsView.swift */ = {isa = PBXFileReference; lastKnownFileType = sourcecode.swift; path = LocationsView.swift; sourceTree = "<group>"; };
/* End PBXFileReference section */

/* Begin PBXFrameworksBuildPhase section */
		2EB0948E2A34D45F00A0241C /* Frameworks */ = {
			isa = PBXFrameworksBuildPhase;
			buildActionMask = 2147483647;
			files = (
			);
			runOnlyForDeploymentPostprocessing = 0;
		};
/* End PBXFrameworksBuildPhase section */

/* Begin PBXGroup section */
		2EB094882A34D45F00A0241C = {
			isa = PBXGroup;
			children = (
				2EB094932A34D45F00A0241C /* Apple Park */,
				2EB094922A34D45F00A0241C /* Products */,
			);
			sourceTree = "<group>";
		};
		2EB094922A34D45F00A0241C /* Products */ = {
			isa = PBXGroup;
			children = (
				2EB094912A34D45F00A0241C /* Apple Park.app */,
			);
			name = Products;
			sourceTree = "<group>";
		};
		2EB094932A34D45F00A0241C /* Apple Park */ = {
			isa = PBXGroup;
			children = (
				2EB094942A34D45F00A0241C /* Apple_ParkApp.swift */,
				2EB094AD2A34D68400A0241C /* View */,
				2EB094AA2A34D54400A0241C /* ViewModel */,
				2EB094A72A34D52700A0241C /* Model */,
				2EB094A42A34D4DA00A0241C /* DataService */,
				2EB094982A34D46000A0241C /* Assets.xcassets */,
				2EB0949A2A34D46000A0241C /* Preview Content */,
			);
			path = "Apple Park";
			sourceTree = "<group>";
		};
		2EB0949A2A34D46000A0241C /* Preview Content */ = {
			isa = PBXGroup;
			children = (
				2EB0949B2A34D46000A0241C /* Preview Assets.xcassets */,
			);
			path = "Preview Content";
			sourceTree = "<group>";
		};
		2EB094A42A34D4DA00A0241C /* DataService */ = {
			isa = PBXGroup;
			children = (
				2EB094A52A34D4EE00A0241C /* LocationDataService.swift */,
			);
			path = DataService;
			sourceTree = "<group>";
		};
		2EB094A72A34D52700A0241C /* Model */ = {
			isa = PBXGroup;
			children = (
				2EB0949D2A34D46000A0241C /* SavedLocationSDModel.swift */,
				2EB094A82A34D52C00A0241C /* Location.swift */,
			);
			path = Model;
			sourceTree = "<group>";
		};
		2EB094AA2A34D54400A0241C /* ViewModel */ = {
			isa = PBXGroup;
			children = (
				2EB094AB2A34D54A00A0241C /* LocationViewModel.swift */,
			);
			path = ViewModel;
			sourceTree = "<group>";
		};
		2EB094AD2A34D68400A0241C /* View */ = {
			isa = PBXGroup;
			children = (
				2EB094AE2A34D69100A0241C /* LocationDetailView.swift */,
				2EB094B02A34D69F00A0241C /* LocationMapAnnotationView.swift */,
				2EB094B22A34D6BB00A0241C /* LocationPreviewView.swift */,
				2EB094B42A34D6CB00A0241C /* LocationsListView.swift */,
				2EB094B62A34D6ED00A0241C /* LocationsView.swift */,
			);
			path = View;
			sourceTree = "<group>";
		};
/* End PBXGroup section */

/* Begin PBXNativeTarget section */
		2EB094902A34D45F00A0241C /* Apple Park */ = {
			isa = PBXNativeTarget;
			buildConfigurationList = 2EB094A12A34D46000A0241C /* Build configuration list for PBXNativeTarget "Apple Park" */;
			buildPhases = (
				2EB0948D2A34D45F00A0241C /* Sources */,
				2EB0948E2A34D45F00A0241C /* Frameworks */,
				2EB0948F2A34D45F00A0241C /* Resources */,
			);
			buildRules = (
			);
			dependencies = (
			);
			name = "Apple Park";
			productName = "Apple Park";
			productReference = 2EB094912A34D45F00A0241C /* Apple Park.app */;
			productType = "com.apple.product-type.application";
		};
/* End PBXNativeTarget section */

/* Begin PBXProject section */
		2EB094892A34D45F00A0241C /* Project object */ = {
			isa = PBXProject;
			attributes = {
				BuildIndependentTargetsInParallel = 1;
				LastSwiftUpdateCheck = 1500;
				LastUpgradeCheck = 1500;
				TargetAttributes = {
					2EB094902A34D45F00A0241C = {
						CreatedOnToolsVersion = 15.0;
					};
				};
			};
			buildConfigurationList = 2EB0948C2A34D45F00A0241C /* Build configuration list for PBXProject "Apple Park" */;
			compatibilityVersion = "Xcode 14.0";
			developmentRegion = en;
			hasScannedForEncodings = 0;
			knownRegions = (
				en,
				Base,
			);
			mainGroup = 2EB094882A34D45F00A0241C;
			productRefGroup = 2EB094922A34D45F00A0241C /* Products */;
			projectDirPath = "";
			projectRoot = "";
			targets = (
				2EB094902A34D45F00A0241C /* Apple Park */,
			);
		};
/* End PBXProject section */

/* Begin PBXResourcesBuildPhase section */
		2EB0948F2A34D45F00A0241C /* Resources */ = {
			isa = PBXResourcesBuildPhase;
			buildActionMask = 2147483647;
			files = (
				2EB0949C2A34D46000A0241C /* Preview Assets.xcassets in Resources */,
				2EB094992A34D46000A0241C /* Assets.xcassets in Resources */,
			);
			runOnlyForDeploymentPostprocessing = 0;
		};
/* End PBXResourcesBuildPhase section */

/* Begin PBXSourcesBuildPhase section */
		2EB0948D2A34D45F00A0241C /* Sources */ = {
			isa = PBXSourcesBuildPhase;
			buildActionMask = 2147483647;
			files = (
				2EB094A62A34D4EE00A0241C /* LocationDataService.swift in Sources */,
				2EB094AC2A34D54A00A0241C /* LocationViewModel.swift in Sources */,
				2EB094AF2A34D69100A0241C /* LocationDetailView.swift in Sources */,
				2EB094B32A34D6BB00A0241C /* LocationPreviewView.swift in Sources */,
				2EB094B52A34D6CB00A0241C /* LocationsListView.swift in Sources */,
				2EB094A92A34D52C00A0241C /* Location.swift in Sources */,
				2EB094B72A34D6ED00A0241C /* LocationsView.swift in Sources */,
				2EB0949E2A34D46000A0241C /* SavedLocationSDModel.swift in Sources */,
				2EB094952A34D45F00A0241C /* Apple_ParkApp.swift in Sources */,
				2EB094B12A34D69F00A0241C /* LocationMapAnnotationView.swift in Sources */,
			);
			runOnlyForDeploymentPostprocessing = 0;
		};
/* End PBXSourcesBuildPhase section */

/* Begin XCBuildConfiguration section */
		2EB0949F2A34D46000A0241C /* Debug */ = {
			isa = XCBuildConfiguration;
			buildSettings = {
				ALWAYS_SEARCH_USER_PATHS = NO;
				ASSETCATALOG_COMPILER_GENERATE_SWIFT_ASSET_SYMBOL_EXTENSIONS = YES;
				CLANG_ANALYZER_NONNULL = YES;
				CLANG_ANALYZER_NUMBER_OBJECT_CONVERSION = YES_AGGRESSIVE;
				CLANG_CXX_LANGUAGE_STANDARD = "gnu++20";
				CLANG_ENABLE_MODULES = YES;
				CLANG_ENABLE_OBJC_ARC = YES;
				CLANG_ENABLE_OBJC_WEAK = YES;
				CLANG_WARN_BLOCK_CAPTURE_AUTORELEASING = YES;
				CLANG_WARN_BOOL_CONVERSION = YES;
				CLANG_WARN_COMMA = YES;
				CLANG_WARN_CONSTANT_CONVERSION = YES;
				CLANG_WARN_DEPRECATED_OBJC_IMPLEMENTATIONS = YES;
				CLANG_WARN_DIRECT_OBJC_ISA_USAGE = YES_ERROR;
				CLANG_WARN_DOCUMENTATION_COMMENTS = YES;
				CLANG_WARN_EMPTY_BODY = YES;
				CLANG_WARN_ENUM_CONVERSION = YES;
				CLANG_WARN_INFINITE_RECURSION = YES;
				CLANG_WARN_INT_CONVERSION = YES;
				CLANG_WARN_NON_LITERAL_NULL_CONVERSION = YES;
				CLANG_WARN_OBJC_IMPLICIT_RETAIN_SELF = YES;
				CLANG_WARN_OBJC_LITERAL_CONVERSION = YES;
				CLANG_WARN_OBJC_ROOT_CLASS = YES_ERROR;
				CLANG_WARN_QUOTED_INCLUDE_IN_FRAMEWORK_HEADER = YES;
				CLANG_WARN_RANGE_LOOP_ANALYSIS = YES;
				CLANG_WARN_STRICT_PROTOTYPES = YES;
				CLANG_WARN_SUSPICIOUS_MOVE = YES;
				CLANG_WARN_UNGUARDED_AVAILABILITY = YES_AGGRESSIVE;
				CLANG_WARN_UNREACHABLE_CODE = YES;
				CLANG_WARN__DUPLICATE_METHOD_MATCH = YES;
				COPY_PHASE_STRIP = NO;
				DEBUG_INFORMATION_FORMAT = dwarf;
				ENABLE_STRICT_OBJC_MSGSEND = YES;
				ENABLE_TESTABILITY = YES;
				ENABLE_USER_SCRIPT_SANDBOXING = YES;
				GCC_C_LANGUAGE_STANDARD = gnu17;
				GCC_DYNAMIC_NO_PIC = NO;
				GCC_NO_COMMON_BLOCKS = YES;
				GCC_OPTIMIZATION_LEVEL = 0;
				GCC_PREPROCESSOR_DEFINITIONS = (
					"DEBUG=1",
					"$(inherited)",
				);
				GCC_WARN_64_TO_32_BIT_CONVERSION = YES;
				GCC_WARN_ABOUT_RETURN_TYPE = YES_ERROR;
				GCC_WARN_UNDECLARED_SELECTOR = YES;
				GCC_WARN_UNINITIALIZED_AUTOS = YES_AGGRESSIVE;
				GCC_WARN_UNUSED_FUNCTION = YES;
				GCC_WARN_UNUSED_VARIABLE = YES;
				IPHONEOS_DEPLOYMENT_TARGET = 17.0;
				LOCALIZATION_PREFERS_STRING_CATALOGS = YES;
				MTL_ENABLE_DEBUG_INFO = INCLUDE_SOURCE;
				MTL_FAST_MATH = YES;
				ONLY_ACTIVE_ARCH = YES;
				SDKROOT = iphoneos;
				SWIFT_ACTIVE_COMPILATION_CONDITIONS = "DEBUG $(inherited)";
				SWIFT_OPTIMIZATION_LEVEL = "-Onone";
			};
			name = Debug;
		};
		2EB094A02A34D46000A0241C /* Release */ = {
			isa = XCBuildConfiguration;
			buildSettings = {
				ALWAYS_SEARCH_USER_PATHS = NO;
				ASSETCATALOG_COMPILER_GENERATE_SWIFT_ASSET_SYMBOL_EXTENSIONS = YES;
				CLANG_ANALYZER_NONNULL = YES;
				CLANG_ANALYZER_NUMBER_OBJECT_CONVERSION = YES_AGGRESSIVE;
				CLANG_CXX_LANGUAGE_STANDARD = "gnu++20";
				CLANG_ENABLE_MODULES = YES;
				CLANG_ENABLE_OBJC_ARC = YES;
				CLANG_ENABLE_OBJC_WEAK = YES;
				CLANG_WARN_BLOCK_CAPTURE_AUTORELEASING = YES;
				CLANG_WARN_BOOL_CONVERSION = YES;
				CLANG_WARN_COMMA = YES;
				CLANG_WARN_CONSTANT_CONVERSION = YES;
				CLANG_WARN_DEPRECATED_OBJC_IMPLEMENTATIONS = YES;
				CLANG_WARN_DIRECT_OBJC_ISA_USAGE = YES_ERROR;
				CLANG_WARN_DOCUMENTATION_COMMENTS = YES;
				CLANG_WARN_EMPTY_BODY = YES;
				CLANG_WARN_ENUM_CONVERSION = YES;
				CLANG_WARN_INFINITE_RECURSION = YES;
				CLANG_WARN_INT_CONVERSION = YES;
				CLANG_WARN_NON_LITERAL_NULL_CONVERSION = YES;
				CLANG_WARN_OBJC_IMPLICIT_RETAIN_SELF = YES;
				CLANG_WARN_OBJC_LITERAL_CONVERSION = YES;
				CLANG_WARN_OBJC_ROOT_CLASS = YES_ERROR;
				CLANG_WARN_QUOTED_INCLUDE_IN_FRAMEWORK_HEADER = YES;
				CLANG_WARN_RANGE_LOOP_ANALYSIS = YES;
				CLANG_WARN_STRICT_PROTOTYPES = YES;
				CLANG_WARN_SUSPICIOUS_MOVE = YES;
				CLANG_WARN_UNGUARDED_AVAILABILITY = YES_AGGRESSIVE;
				CLANG_WARN_UNREACHABLE_CODE = YES;
				CLANG_WARN__DUPLICATE_METHOD_MATCH = YES;
				COPY_PHASE_STRIP = NO;
				DEBUG_INFORMATION_FORMAT = "dwarf-with-dsym";
				ENABLE_NS_ASSERTIONS = NO;
				ENABLE_STRICT_OBJC_MSGSEND = YES;
				ENABLE_USER_SCRIPT_SANDBOXING = YES;
				GCC_C_LANGUAGE_STANDARD = gnu17;
				GCC_NO_COMMON_BLOCKS = YES;
				GCC_WARN_64_TO_32_BIT_CONVERSION = YES;
				GCC_WARN_ABOUT_RETURN_TYPE = YES_ERROR;
				GCC_WARN_UNDECLARED_SELECTOR = YES;
				GCC_WARN_UNINITIALIZED_AUTOS = YES_AGGRESSIVE;
				GCC_WARN_UNUSED_FUNCTION = YES;
				GCC_WARN_UNUSED_VARIABLE = YES;
				IPHONEOS_DEPLOYMENT_TARGET = 17.0;
				LOCALIZATION_PREFERS_STRING_CATALOGS = YES;
				MTL_ENABLE_DEBUG_INFO = NO;
				MTL_FAST_MATH = YES;
				SDKROOT = iphoneos;
				SWIFT_COMPILATION_MODE = wholemodule;
				VALIDATE_PRODUCT = YES;
			};
			name = Release;
		};
		2EB094A22A34D46000A0241C /* Debug */ = {
			isa = XCBuildConfiguration;
			buildSettings = {
				ASSETCATALOG_COMPILER_APPICON_NAME = AppIcon;
				ASSETCATALOG_COMPILER_GLOBAL_ACCENT_COLOR_NAME = AccentColor;
				CODE_SIGN_STYLE = Automatic;
				CURRENT_PROJECT_VERSION = 1;
				DEVELOPMENT_ASSET_PATHS = "\"Apple Park/Preview Content\"";
				DEVELOPMENT_TEAM = F7JY38PGBF;
				ENABLE_PREVIEWS = YES;
				GENERATE_INFOPLIST_FILE = YES;
				INFOPLIST_KEY_UIApplicationSceneManifest_Generation = YES;
				INFOPLIST_KEY_UIApplicationSupportsIndirectInputEvents = YES;
				INFOPLIST_KEY_UILaunchScreen_Generation = YES;
				INFOPLIST_KEY_UISupportedInterfaceOrientations_iPad = "UIInterfaceOrientationPortrait UIInterfaceOrientationPortraitUpsideDown UIInterfaceOrientationLandscapeLeft UIInterfaceOrientationLandscapeRight";
				INFOPLIST_KEY_UISupportedInterfaceOrientations_iPhone = "UIInterfaceOrientationPortrait UIInterfaceOrientationLandscapeLeft UIInterfaceOrientationLandscapeRight";
				LD_RUNPATH_SEARCH_PATHS = (
					"$(inherited)",
					"@executable_path/Frameworks",
				);
				MARKETING_VERSION = 1.0;
				PRODUCT_BUNDLE_IDENTIFIER = "in.ishaanbedi.Apple-Park";
				PRODUCT_NAME = "$(TARGET_NAME)";
				SWIFT_EMIT_LOC_STRINGS = YES;
				SWIFT_VERSION = 5.0;
				TARGETED_DEVICE_FAMILY = "1,2";
			};
			name = Debug;
		};
		2EB094A32A34D46000A0241C /* Release */ = {
			isa = XCBuildConfiguration;
			buildSettings = {
				ASSETCATALOG_COMPILER_APPICON_NAME = AppIcon;
				ASSETCATALOG_COMPILER_GLOBAL_ACCENT_COLOR_NAME = AccentColor;
				CODE_SIGN_STYLE = Automatic;
				CURRENT_PROJECT_VERSION = 1;
				DEVELOPMENT_ASSET_PATHS = "\"Apple Park/Preview Content\"";
				DEVELOPMENT_TEAM = F7JY38PGBF;
				ENABLE_PREVIEWS = YES;
				GENERATE_INFOPLIST_FILE = YES;
				INFOPLIST_KEY_UIApplicationSceneManifest_Generation = YES;
				INFOPLIST_KEY_UIApplicationSupportsIndirectInputEvents = YES;
				INFOPLIST_KEY_UILaunchScreen_Generation = YES;
				INFOPLIST_KEY_UISupportedInterfaceOrientations_iPad = "UIInterfaceOrientationPortrait UIInterfaceOrientationPortraitUpsideDown UIInterfaceOrientationLandscapeLeft UIInterfaceOrientationLandscapeRight";
				INFOPLIST_KEY_UISupportedInterfaceOrientations_iPhone = "UIInterfaceOrientationPortrait UIInterfaceOrientationLandscapeLeft UIInterfaceOrientationLandscapeRight";
				LD_RUNPATH_SEARCH_PATHS = (
					"$(inherited)",
					"@executable_path/Frameworks",
				);
				MARKETING_VERSION = 1.0;
				PRODUCT_BUNDLE_IDENTIFIER = "in.ishaanbedi.Apple-Park";
				PRODUCT_NAME = "$(TARGET_NAME)";
				SWIFT_EMIT_LOC_STRINGS = YES;
				SWIFT_VERSION = 5.0;
				TARGETED_DEVICE_FAMILY = "1,2";
			};
			name = Release;
		};
/* End XCBuildConfiguration section */

/* Begin XCConfigurationList section */
		2EB0948C2A34D45F00A0241C /* Build configuration list for PBXProject "Apple Park" */ = {
			isa = XCConfigurationList;
			buildConfigurations = (
				2EB0949F2A34D46000A0241C /* Debug */,
				2EB094A02A34D46000A0241C /* Release */,
			);
			defaultConfigurationIsVisible = 0;
			defaultConfigurationName = Release;
		};
		2EB094A12A34D46000A0241C /* Build configuration list for PBXNativeTarget "Apple Park" */ = {
			isa = XCConfigurationList;
			buildConfigurations = (
				2EB094A22A34D46000A0241C /* Debug */,
				2EB094A32A34D46000A0241C /* Release */,
			);
			defaultConfigurationIsVisible = 0;
			defaultConfigurationName = Release;
		};
/* End XCConfigurationList section */
	};
	rootObject = 2EB094892A34D45F00A0241C /* Project object */;
}
